// !$*UTF8*$!
{
	archiveVersion = 1;
	classes = {
	};
	objectVersion = 46;
	objects = {

/* Begin PBXBuildFile section */
		5D33C42E1D7FA90800C403FD /* Bio2Week2Tests.m in Sources */ = {isa = PBXBuildFile; fileRef = 5D33C42D1D7FA90800C403FD /* Bio2Week2Tests.m */; };
		5D49C5401D68E025001313B6 /* ProbabilityProfile.m in Sources */ = {isa = PBXBuildFile; fileRef = 5D49C53F1D68E025001313B6 /* ProbabilityProfile.m */; };
		5D49C5411D68E36A001313B6 /* ProbabilityProfile.m in Sources */ = {isa = PBXBuildFile; fileRef = 5D49C53F1D68E025001313B6 /* ProbabilityProfile.m */; };
		5D49C5461D68EEDA001313B6 /* NSArray+CHCollectionUtils.m in Sources */ = {isa = PBXBuildFile; fileRef = 5D49C5431D68EEDA001313B6 /* NSArray+CHCollectionUtils.m */; };
		5D49C5471D68EEDA001313B6 /* NSArray+CHSafeAccess.m in Sources */ = {isa = PBXBuildFile; fileRef = 5D49C5451D68EEDA001313B6 /* NSArray+CHSafeAccess.m */; };
		5D8BB6761D60C0AA002C18F6 /* main.m in Sources */ = {isa = PBXBuildFile; fileRef = 5D8BB6751D60C0AA002C18F6 /* main.m */; };
		5D8BB6831D60C103002C18F6 /* Bio1Week2Tests.m in Sources */ = {isa = PBXBuildFile; fileRef = 5D8BB6821D60C103002C18F6 /* Bio1Week2Tests.m */; };
		5D8BB6931D60C290002C18F6 /* BioUtil.m in Sources */ = {isa = PBXBuildFile; fileRef = 5D8BB6911D60C290002C18F6 /* BioUtil.m */; };
		5D8BB6951D60C2AD002C18F6 /* BioUtil.m in Sources */ = {isa = PBXBuildFile; fileRef = 5D8BB6911D60C290002C18F6 /* BioUtil.m */; };
		5D8BB6971D68AFBD002C18F6 /* Bio1Week3Tests.m in Sources */ = {isa = PBXBuildFile; fileRef = 5D8BB6961D68AFBD002C18F6 /* Bio1Week3Tests.m */; };
		5D8BB69A1D68AFE2002C18F6 /* Motif.m in Sources */ = {isa = PBXBuildFile; fileRef = 5D8BB6991D68AFE2002C18F6 /* Motif.m */; };
		5D8BB69B1D68B987002C18F6 /* Motif.m in Sources */ = {isa = PBXBuildFile; fileRef = 5D8BB6991D68AFE2002C18F6 /* Motif.m */; };
		5DAB7DD71D69E0EC00B703E4 /* NSArray+CHCollectionUtils.m in Sources */ = {isa = PBXBuildFile; fileRef = 5D49C5431D68EEDA001313B6 /* NSArray+CHCollectionUtils.m */; };
		5DAB7DD81D69E0F000B703E4 /* NSArray+CHSafeAccess.m in Sources */ = {isa = PBXBuildFile; fileRef = 5D49C5451D68EEDA001313B6 /* NSArray+CHSafeAccess.m */; };
		5DAD2D211D6E1F1300A6CD9C /* Bio1Week4Tests.m in Sources */ = {isa = PBXBuildFile; fileRef = 5DAD2D201D6E1F1300A6CD9C /* Bio1Week4Tests.m */; };
		5DAD2D231D6E60C900A6CD9C /* ProbabilityProfileTests.m in Sources */ = {isa = PBXBuildFile; fileRef = 5DAD2D221D6E60C900A6CD9C /* ProbabilityProfileTests.m */; };
		5DAD2D251D74FD1100A6CD9C /* input in Resources */ = {isa = PBXBuildFile; fileRef = 5DAD2D241D74FD1100A6CD9C /* input */; };
		5DAD2D271D74FDDF00A6CD9C /* Bio2Week1Tests.m in Sources */ = {isa = PBXBuildFile; fileRef = 5DAD2D261D74FDDF00A6CD9C /* Bio2Week1Tests.m */; };
		5DAD2D2A1D75C73800A6CD9C /* Graph.m in Sources */ = {isa = PBXBuildFile; fileRef = 5DAD2D291D75C73800A6CD9C /* Graph.m */; };
		5DAD2D2E1D75CD9800A6CD9C /* GraphTests.m in Sources */ = {isa = PBXBuildFile; fileRef = 5DAD2D2D1D75CD9800A6CD9C /* GraphTests.m */; };
		5DAD2D2F1D75CFFB00A6CD9C /* Graph.m in Sources */ = {isa = PBXBuildFile; fileRef = 5DAD2D291D75C73800A6CD9C /* Graph.m */; };
		5DAD2D321D75D47900A6CD9C /* GraphUtil.m in Sources */ = {isa = PBXBuildFile; fileRef = 5DAD2D311D75D47900A6CD9C /* GraphUtil.m */; };
		5DAD2D331D75D47900A6CD9C /* GraphUtil.m in Sources */ = {isa = PBXBuildFile; fileRef = 5DAD2D311D75D47900A6CD9C /* GraphUtil.m */; };
/* End PBXBuildFile section */

/* Begin PBXCopyFilesBuildPhase section */
		5D8BB6701D60C0AA002C18F6 /* CopyFiles */ = {
			isa = PBXCopyFilesBuildPhase;
			buildActionMask = 2147483647;
			dstPath = /usr/share/man/man1/;
			dstSubfolderSpec = 0;
			files = (
			);
			runOnlyForDeploymentPostprocessing = 1;
		};
/* End PBXCopyFilesBuildPhase section */

/* Begin PBXFileReference section */
		5D33C42D1D7FA90800C403FD /* Bio2Week2Tests.m */ = {isa = PBXFileReference; fileEncoding = 4; lastKnownFileType = sourcecode.c.objc; path = Bio2Week2Tests.m; sourceTree = "<group>"; };
		5D49C53E1D68E025001313B6 /* ProbabilityProfile.h */ = {isa = PBXFileReference; fileEncoding = 4; lastKnownFileType = sourcecode.c.h; path = ProbabilityProfile.h; sourceTree = "<group>"; };
		5D49C53F1D68E025001313B6 /* ProbabilityProfile.m */ = {isa = PBXFileReference; fileEncoding = 4; lastKnownFileType = sourcecode.c.objc; path = ProbabilityProfile.m; sourceTree = "<group>"; };
		5D49C5421D68EEDA001313B6 /* NSArray+CHCollectionUtils.h */ = {isa = PBXFileReference; fileEncoding = 4; lastKnownFileType = sourcecode.c.h; path = "NSArray+CHCollectionUtils.h"; sourceTree = "<group>"; };
		5D49C5431D68EEDA001313B6 /* NSArray+CHCollectionUtils.m */ = {isa = PBXFileReference; fileEncoding = 4; lastKnownFileType = sourcecode.c.objc; path = "NSArray+CHCollectionUtils.m"; sourceTree = "<group>"; };
		5D49C5441D68EEDA001313B6 /* NSArray+CHSafeAccess.h */ = {isa = PBXFileReference; fileEncoding = 4; lastKnownFileType = sourcecode.c.h; path = "NSArray+CHSafeAccess.h"; sourceTree = "<group>"; };
		5D49C5451D68EEDA001313B6 /* NSArray+CHSafeAccess.m */ = {isa = PBXFileReference; fileEncoding = 4; lastKnownFileType = sourcecode.c.objc; path = "NSArray+CHSafeAccess.m"; sourceTree = "<group>"; };
		5D8BB6721D60C0AA002C18F6 /* BioInformatics */ = {isa = PBXFileReference; explicitFileType = "compiled.mach-o.executable"; includeInIndex = 0; path = BioInformatics; sourceTree = BUILT_PRODUCTS_DIR; };
		5D8BB6751D60C0AA002C18F6 /* main.m */ = {isa = PBXFileReference; lastKnownFileType = sourcecode.c.objc; path = main.m; sourceTree = "<group>"; };
		5D8BB6801D60C103002C18F6 /* BioInformaticsTests.xctest */ = {isa = PBXFileReference; explicitFileType = wrapper.cfbundle; includeInIndex = 0; path = BioInformaticsTests.xctest; sourceTree = BUILT_PRODUCTS_DIR; };
		5D8BB6821D60C103002C18F6 /* Bio1Week2Tests.m */ = {isa = PBXFileReference; lastKnownFileType = sourcecode.c.objc; path = Bio1Week2Tests.m; sourceTree = "<group>"; };
		5D8BB6841D60C103002C18F6 /* Info.plist */ = {isa = PBXFileReference; lastKnownFileType = text.plist.xml; path = Info.plist; sourceTree = "<group>"; };
		5D8BB6881D60C25C002C18F6 /* TestConfig.h */ = {isa = PBXFileReference; lastKnownFileType = sourcecode.c.h; path = TestConfig.h; sourceTree = "<group>"; };
		5D8BB6911D60C290002C18F6 /* BioUtil.m */ = {isa = PBXFileReference; fileEncoding = 4; lastKnownFileType = sourcecode.c.objc; path = BioUtil.m; sourceTree = "<group>"; };
		5D8BB6921D60C290002C18F6 /* BioUtil.h */ = {isa = PBXFileReference; fileEncoding = 4; lastKnownFileType = sourcecode.c.h; path = BioUtil.h; sourceTree = "<group>"; };
		5D8BB6961D68AFBD002C18F6 /* Bio1Week3Tests.m */ = {isa = PBXFileReference; fileEncoding = 4; lastKnownFileType = sourcecode.c.objc; path = Bio1Week3Tests.m; sourceTree = "<group>"; };
		5D8BB6981D68AFE2002C18F6 /* Motif.h */ = {isa = PBXFileReference; fileEncoding = 4; lastKnownFileType = sourcecode.c.h; path = Motif.h; sourceTree = "<group>"; };
		5D8BB6991D68AFE2002C18F6 /* Motif.m */ = {isa = PBXFileReference; fileEncoding = 4; lastKnownFileType = sourcecode.c.objc; path = Motif.m; sourceTree = "<group>"; };
		5DAD2D201D6E1F1300A6CD9C /* Bio1Week4Tests.m */ = {isa = PBXFileReference; fileEncoding = 4; lastKnownFileType = sourcecode.c.objc; path = Bio1Week4Tests.m; sourceTree = "<group>"; };
		5DAD2D221D6E60C900A6CD9C /* ProbabilityProfileTests.m */ = {isa = PBXFileReference; fileEncoding = 4; lastKnownFileType = sourcecode.c.objc; path = ProbabilityProfileTests.m; sourceTree = "<group>"; };
		5DAD2D241D74FD1100A6CD9C /* input */ = {isa = PBXFileReference; lastKnownFileType = folder; path = input; sourceTree = "<group>"; };
		5DAD2D261D74FDDF00A6CD9C /* Bio2Week1Tests.m */ = {isa = PBXFileReference; fileEncoding = 4; lastKnownFileType = sourcecode.c.objc; path = Bio2Week1Tests.m; sourceTree = "<group>"; };
		5DAD2D281D75C73800A6CD9C /* Graph.h */ = {isa = PBXFileReference; fileEncoding = 4; lastKnownFileType = sourcecode.c.h; path = Graph.h; sourceTree = "<group>"; };
		5DAD2D291D75C73800A6CD9C /* Graph.m */ = {isa = PBXFileReference; fileEncoding = 4; lastKnownFileType = sourcecode.c.objc; path = Graph.m; sourceTree = "<group>"; };
		5DAD2D2D1D75CD9800A6CD9C /* GraphTests.m */ = {isa = PBXFileReference; fileEncoding = 4; lastKnownFileType = sourcecode.c.objc; path = GraphTests.m; sourceTree = "<group>"; };
		5DAD2D301D75D47900A6CD9C /* GraphUtil.h */ = {isa = PBXFileReference; fileEncoding = 4; lastKnownFileType = sourcecode.c.h; path = GraphUtil.h; sourceTree = "<group>"; };
		5DAD2D311D75D47900A6CD9C /* GraphUtil.m */ = {isa = PBXFileReference; fileEncoding = 4; lastKnownFileType = sourcecode.c.objc; path = GraphUtil.m; sourceTree = "<group>"; };
/* End PBXFileReference section */

/* Begin PBXFrameworksBuildPhase section */
		5D8BB66F1D60C0AA002C18F6 /* Frameworks */ = {
			isa = PBXFrameworksBuildPhase;
			buildActionMask = 2147483647;
			files = (
			);
			runOnlyForDeploymentPostprocessing = 0;
		};
		5D8BB67D1D60C103002C18F6 /* Frameworks */ = {
			isa = PBXFrameworksBuildPhase;
			buildActionMask = 2147483647;
			files = (
			);
			runOnlyForDeploymentPostprocessing = 0;
		};
/* End PBXFrameworksBuildPhase section */

/* Begin PBXGroup section */
		5D8BB6691D60C0AA002C18F6 = {
			isa = PBXGroup;
			children = (
				5D8BB6741D60C0AA002C18F6 /* BioInformatics */,
				5D8BB6811D60C103002C18F6 /* BioInformaticsTests */,
				5D8BB6731D60C0AA002C18F6 /* Products */,
			);
			sourceTree = "<group>";
		};
		5D8BB6731D60C0AA002C18F6 /* Products */ = {
			isa = PBXGroup;
			children = (
				5D8BB6721D60C0AA002C18F6 /* BioInformatics */,
				5D8BB6801D60C103002C18F6 /* BioInformaticsTests.xctest */,
			);
			name = Products;
			sourceTree = "<group>";
		};
		5D8BB6741D60C0AA002C18F6 /* BioInformatics */ = {
			isa = PBXGroup;
			children = (
				5D8BB6911D60C290002C18F6 /* BioUtil.m */,
				5D8BB6921D60C290002C18F6 /* BioUtil.h */,
				5D8BB6751D60C0AA002C18F6 /* main.m */,
				5D8BB6981D68AFE2002C18F6 /* Motif.h */,
				5D8BB6991D68AFE2002C18F6 /* Motif.m */,
				5D49C53E1D68E025001313B6 /* ProbabilityProfile.h */,
				5D49C53F1D68E025001313B6 /* ProbabilityProfile.m */,
				5D49C5421D68EEDA001313B6 /* NSArray+CHCollectionUtils.h */,
				5D49C5431D68EEDA001313B6 /* NSArray+CHCollectionUtils.m */,
				5D49C5441D68EEDA001313B6 /* NSArray+CHSafeAccess.h */,
				5D49C5451D68EEDA001313B6 /* NSArray+CHSafeAccess.m */,
				5DAD2D281D75C73800A6CD9C /* Graph.h */,
				5DAD2D291D75C73800A6CD9C /* Graph.m */,
				5DAD2D301D75D47900A6CD9C /* GraphUtil.h */,
				5DAD2D311D75D47900A6CD9C /* GraphUtil.m */,
			);
			path = BioInformatics;
			sourceTree = "<group>";
		};
		5D8BB6811D60C103002C18F6 /* BioInformaticsTests */ = {
			isa = PBXGroup;
			children = (
				5DAD2D241D74FD1100A6CD9C /* input */,
				5D8BB6841D60C103002C18F6 /* Info.plist */,
				5D8BB6881D60C25C002C18F6 /* TestConfig.h */,
				5D8BB6821D60C103002C18F6 /* Bio1Week2Tests.m */,
				5D8BB6961D68AFBD002C18F6 /* Bio1Week3Tests.m */,
				5DAD2D201D6E1F1300A6CD9C /* Bio1Week4Tests.m */,
				5DAD2D221D6E60C900A6CD9C /* ProbabilityProfileTests.m */,
				5DAD2D261D74FDDF00A6CD9C /* Bio2Week1Tests.m */,
				5DAD2D2D1D75CD9800A6CD9C /* GraphTests.m */,
				5D33C42D1D7FA90800C403FD /* Bio2Week2Tests.m */,
			);
			path = BioInformaticsTests;
			sourceTree = "<group>";
		};
/* End PBXGroup section */

/* Begin PBXNativeTarget section */
		5D8BB6711D60C0AA002C18F6 /* BioInformatics */ = {
			isa = PBXNativeTarget;
			buildConfigurationList = 5D8BB6791D60C0AA002C18F6 /* Build configuration list for PBXNativeTarget "BioInformatics" */;
			buildPhases = (
				5D8BB66E1D60C0AA002C18F6 /* Sources */,
				5D8BB66F1D60C0AA002C18F6 /* Frameworks */,
				5D8BB6701D60C0AA002C18F6 /* CopyFiles */,
			);
			buildRules = (
			);
			dependencies = (
			);
			name = BioInformatics;
			productName = BioInformatics;
			productReference = 5D8BB6721D60C0AA002C18F6 /* BioInformatics */;
			productType = "com.apple.product-type.tool";
		};
		5D8BB67F1D60C103002C18F6 /* BioInformaticsTests */ = {
			isa = PBXNativeTarget;
			buildConfigurationList = 5D8BB6871D60C103002C18F6 /* Build configuration list for PBXNativeTarget "BioInformaticsTests" */;
			buildPhases = (
				5D8BB67C1D60C103002C18F6 /* Sources */,
				5D8BB67D1D60C103002C18F6 /* Frameworks */,
				5D8BB67E1D60C103002C18F6 /* Resources */,
			);
			buildRules = (
			);
			dependencies = (
			);
			name = BioInformaticsTests;
			productName = BioInformaticsTests;
			productReference = 5D8BB6801D60C103002C18F6 /* BioInformaticsTests.xctest */;
			productType = "com.apple.product-type.bundle.unit-test";
		};
/* End PBXNativeTarget section */

/* Begin PBXProject section */
		5D8BB66A1D60C0AA002C18F6 /* Project object */ = {
			isa = PBXProject;
			attributes = {
				LastUpgradeCheck = 0730;
				ORGANIZATIONNAME = "EJ Mablekos";
				TargetAttributes = {
					5D8BB6711D60C0AA002C18F6 = {
						CreatedOnToolsVersion = 7.3.1;
					};
					5D8BB67F1D60C103002C18F6 = {
						CreatedOnToolsVersion = 7.3.1;
					};
				};
			};
			buildConfigurationList = 5D8BB66D1D60C0AA002C18F6 /* Build configuration list for PBXProject "BioInformatics" */;
			compatibilityVersion = "Xcode 3.2";
			developmentRegion = English;
			hasScannedForEncodings = 0;
			knownRegions = (
				en,
			);
			mainGroup = 5D8BB6691D60C0AA002C18F6;
			productRefGroup = 5D8BB6731D60C0AA002C18F6 /* Products */;
			projectDirPath = "";
			projectRoot = "";
			targets = (
				5D8BB6711D60C0AA002C18F6 /* BioInformatics */,
				5D8BB67F1D60C103002C18F6 /* BioInformaticsTests */,
			);
		};
/* End PBXProject section */

/* Begin PBXResourcesBuildPhase section */
		5D8BB67E1D60C103002C18F6 /* Resources */ = {
			isa = PBXResourcesBuildPhase;
			buildActionMask = 2147483647;
			files = (
				5DAD2D251D74FD1100A6CD9C /* input in Resources */,
			);
			runOnlyForDeploymentPostprocessing = 0;
		};
/* End PBXResourcesBuildPhase section */

/* Begin PBXSourcesBuildPhase section */
		5D8BB66E1D60C0AA002C18F6 /* Sources */ = {
			isa = PBXSourcesBuildPhase;
			buildActionMask = 2147483647;
			files = (
				5D49C5461D68EEDA001313B6 /* NSArray+CHCollectionUtils.m in Sources */,
				5D8BB69A1D68AFE2002C18F6 /* Motif.m in Sources */,
				5D49C5401D68E025001313B6 /* ProbabilityProfile.m in Sources */,
				5D8BB6931D60C290002C18F6 /* BioUtil.m in Sources */,
				5D49C5471D68EEDA001313B6 /* NSArray+CHSafeAccess.m in Sources */,
				5DAD2D2A1D75C73800A6CD9C /* Graph.m in Sources */,
				5DAD2D321D75D47900A6CD9C /* GraphUtil.m in Sources */,
				5D8BB6761D60C0AA002C18F6 /* main.m in Sources */,
			);
			runOnlyForDeploymentPostprocessing = 0;
		};
		5D8BB67C1D60C103002C18F6 /* Sources */ = {
			isa = PBXSourcesBuildPhase;
			buildActionMask = 2147483647;
			files = (
				5D33C42E1D7FA90800C403FD /* Bio2Week2Tests.m in Sources */,
				5DAD2D2F1D75CFFB00A6CD9C /* Graph.m in Sources */,
				5D8BB6971D68AFBD002C18F6 /* Bio1Week3Tests.m in Sources */,
				5DAB7DD71D69E0EC00B703E4 /* NSArray+CHCollectionUtils.m in Sources */,
				5DAD2D331D75D47900A6CD9C /* GraphUtil.m in Sources */,
				5DAD2D211D6E1F1300A6CD9C /* Bio1Week4Tests.m in Sources */,
				5D8BB69B1D68B987002C18F6 /* Motif.m in Sources */,
				5D8BB6951D60C2AD002C18F6 /* BioUtil.m in Sources */,
				5D49C5411D68E36A001313B6 /* ProbabilityProfile.m in Sources */,
				5DAB7DD81D69E0F000B703E4 /* NSArray+CHSafeAccess.m in Sources */,
				5DAD2D231D6E60C900A6CD9C /* ProbabilityProfileTests.m in Sources */,
				5DAD2D2E1D75CD9800A6CD9C /* GraphTests.m in Sources */,
				5D8BB6831D60C103002C18F6 /* Bio1Week2Tests.m in Sources */,
				5DAD2D271D74FDDF00A6CD9C /* Bio2Week1Tests.m in Sources */,
			);
			runOnlyForDeploymentPostprocessing = 0;
		};
/* End PBXSourcesBuildPhase section */

/* Begin XCBuildConfiguration section */
		5D8BB6771D60C0AA002C18F6 /* Debug */ = {
			isa = XCBuildConfiguration;
			buildSettings = {
				ALWAYS_SEARCH_USER_PATHS = NO;
				CLANG_ANALYZER_NONNULL = YES;
				CLANG_CXX_LANGUAGE_STANDARD = "gnu++0x";
				CLANG_CXX_LIBRARY = "libc++";
				CLANG_ENABLE_MODULES = YES;
				CLANG_ENABLE_OBJC_ARC = YES;
				CLANG_WARN_BOOL_CONVERSION = YES;
				CLANG_WARN_CONSTANT_CONVERSION = YES;
				CLANG_WARN_DIRECT_OBJC_ISA_USAGE = YES_ERROR;
				CLANG_WARN_EMPTY_BODY = YES;
				CLANG_WARN_ENUM_CONVERSION = YES;
				CLANG_WARN_INT_CONVERSION = YES;
				CLANG_WARN_OBJC_ROOT_CLASS = YES_ERROR;
				CLANG_WARN_UNREACHABLE_CODE = YES;
				CLANG_WARN__DUPLICATE_METHOD_MATCH = YES;
				CODE_SIGN_IDENTITY = "-";
				COPY_PHASE_STRIP = NO;
				DEBUG_INFORMATION_FORMAT = dwarf;
				ENABLE_STRICT_OBJC_MSGSEND = YES;
				ENABLE_TESTABILITY = YES;
				GCC_C_LANGUAGE_STANDARD = gnu99;
				GCC_DYNAMIC_NO_PIC = NO;
				GCC_NO_COMMON_BLOCKS = YES;
				GCC_OPTIMIZATION_LEVEL = 0;
				GCC_PREPROCESSOR_DEFINITIONS = (
					"DEBUG=1",
					"$(inherited)",
				);
				GCC_WARN_64_TO_32_BIT_CONVERSION = YES;
				GCC_WARN_ABOUT_RETURN_TYPE = YES_ERROR;
				GCC_WARN_UNDECLARED_SELECTOR = YES;
				GCC_WARN_UNINITIALIZED_AUTOS = YES_AGGRESSIVE;
				GCC_WARN_UNUSED_FUNCTION = YES;
				GCC_WARN_UNUSED_VARIABLE = YES;
				MACOSX_DEPLOYMENT_TARGET = 10.11;
				MTL_ENABLE_DEBUG_INFO = YES;
				ONLY_ACTIVE_ARCH = YES;
				SDKROOT = macosx;
			};
			name = Debug;
		};
		5D8BB6781D60C0AA002C18F6 /* Release */ = {
			isa = XCBuildConfiguration;
			buildSettings = {
				ALWAYS_SEARCH_USER_PATHS = NO;
				CLANG_ANALYZER_NONNULL = YES;
				CLANG_CXX_LANGUAGE_STANDARD = "gnu++0x";
				CLANG_CXX_LIBRARY = "libc++";
				CLANG_ENABLE_MODULES = YES;
				CLANG_ENABLE_OBJC_ARC = YES;
				CLANG_WARN_BOOL_CONVERSION = YES;
				CLANG_WARN_CONSTANT_CONVERSION = YES;
				CLANG_WARN_DIRECT_OBJC_ISA_USAGE = YES_ERROR;
				CLANG_WARN_EMPTY_BODY = YES;
				CLANG_WARN_ENUM_CONVERSION = YES;
				CLANG_WARN_INT_CONVERSION = YES;
				CLANG_WARN_OBJC_ROOT_CLASS = YES_ERROR;
				CLANG_WARN_UNREACHABLE_CODE = YES;
				CLANG_WARN__DUPLICATE_METHOD_MATCH = YES;
				CODE_SIGN_IDENTITY = "-";
				COPY_PHASE_STRIP = NO;
				DEBUG_INFORMATION_FORMAT = "dwarf-with-dsym";
				ENABLE_NS_ASSERTIONS = NO;
				ENABLE_STRICT_OBJC_MSGSEND = YES;
				GCC_C_LANGUAGE_STANDARD = gnu99;
				GCC_NO_COMMON_BLOCKS = YES;
				GCC_WARN_64_TO_32_BIT_CONVERSION = YES;
				GCC_WARN_ABOUT_RETURN_TYPE = YES_ERROR;
				GCC_WARN_UNDECLARED_SELECTOR = YES;
				GCC_WARN_UNINITIALIZED_AUTOS = YES_AGGRESSIVE;
				GCC_WARN_UNUSED_FUNCTION = YES;
				GCC_WARN_UNUSED_VARIABLE = YES;
				MACOSX_DEPLOYMENT_TARGET = 10.11;
				MTL_ENABLE_DEBUG_INFO = NO;
				SDKROOT = macosx;
			};
			name = Release;
		};
		5D8BB67A1D60C0AA002C18F6 /* Debug */ = {
			isa = XCBuildConfiguration;
			buildSettings = {
				PRODUCT_NAME = "$(TARGET_NAME)";
			};
			name = Debug;
		};
		5D8BB67B1D60C0AA002C18F6 /* Release */ = {
			isa = XCBuildConfiguration;
			buildSettings = {
				PRODUCT_NAME = "$(TARGET_NAME)";
			};
			name = Release;
		};
		5D8BB6851D60C103002C18F6 /* Debug */ = {
			isa = XCBuildConfiguration;
			buildSettings = {
				COMBINE_HIDPI_IMAGES = YES;
				INFOPLIST_FILE = BioInformaticsTests/Info.plist;
				LD_RUNPATH_SEARCH_PATHS = "$(inherited) @executable_path/../Frameworks @loader_path/../Frameworks";
				PRODUCT_BUNDLE_IDENTIFIER = com.emablekos.BioInformaticsTests;
				PRODUCT_NAME = "$(TARGET_NAME)";
			};
			name = Debug;
		};
		5D8BB6861D60C103002C18F6 /* Release */ = {
			isa = XCBuildConfiguration;
			buildSettings = {
				COMBINE_HIDPI_IMAGES = YES;
				INFOPLIST_FILE = BioInformaticsTests/Info.plist;
				LD_RUNPATH_SEARCH_PATHS = "$(inherited) @executable_path/../Frameworks @loader_path/../Frameworks";
				PRODUCT_BUNDLE_IDENTIFIER = com.emablekos.BioInformaticsTests;
				PRODUCT_NAME = "$(TARGET_NAME)";
			};
			name = Release;
		};
/* End XCBuildConfiguration section */

/* Begin XCConfigurationList section */
		5D8BB66D1D60C0AA002C18F6 /* Build configuration list for PBXProject "BioInformatics" */ = {
			isa = XCConfigurationList;
			buildConfigurations = (
				5D8BB6771D60C0AA002C18F6 /* Debug */,
				5D8BB6781D60C0AA002C18F6 /* Release */,
			);
			defaultConfigurationIsVisible = 0;
			defaultConfigurationName = Release;
		};
		5D8BB6791D60C0AA002C18F6 /* Build configuration list for PBXNativeTarget "BioInformatics" */ = {
			isa = XCConfigurationList;
			buildConfigurations = (
				5D8BB67A1D60C0AA002C18F6 /* Debug */,
				5D8BB67B1D60C0AA002C18F6 /* Release */,
			);
			defaultConfigurationIsVisible = 0;
			defaultConfigurationName = Release;
		};
		5D8BB6871D60C103002C18F6 /* Build configuration list for PBXNativeTarget "BioInformaticsTests" */ = {
			isa = XCConfigurationList;
			buildConfigurations = (
				5D8BB6851D60C103002C18F6 /* Debug */,
				5D8BB6861D60C103002C18F6 /* Release */,
			);
			defaultConfigurationIsVisible = 0;
			defaultConfigurationName = Release;
		};
/* End XCConfigurationList section */
	};
	rootObject = 5D8BB66A1D60C0AA002C18F6 /* Project object */;
}
